
Microsoft Visual Studio Solution File, Format Version 12.00
# Visual Studio Version 17
VisualStudioVersion = 17.5.002.0
MinimumVisualStudioVersion = 10.0.40219.1
Project("{9A19103F-16F7-4668-BE54-9A1E7A4F7556}") = "csharp-crud-api", "csharp-crud-api.csproj", "{AA277C9D-D946-449F-8A35-1AEF0027F600}"
EndProject
Global
	GlobalSection(SolutionConfigurationPlatforms) = preSolution
		Debug|Any CPU = Debug|Any CPU
		Release|Any CPU = Release|Any CPU
	EndGlobalSection
	GlobalSection(ProjectConfigurationPlatforms) = postSolution
		{AA277C9D-D946-449F-8A35-1AEF0027F600}.Debug|Any CPU.ActiveCfg = Debug|Any CPU
		{AA277C9D-D946-449F-8A35-1AEF0027F600}.Debug|Any CPU.Build.0 = Debug|Any CPU
		{AA277C9D-D946-449F-8A35-1AEF0027F600}.Release|Any CPU.ActiveCfg = Release|Any CPU
		{AA277C9D-D946-449F-8A35-1AEF0027F600}.Release|Any CPU.Build.0 = Release|Any CPU
	EndGlobalSection
	GlobalSection(SolutionProperties) = preSolution
		HideSolutionNode = FALSE
	EndGlobalSection
	GlobalSection(ExtensibilityGlobals) = postSolution
		SolutionGuid = {A847743C-EC3E-41FD-BADA-AB946632C96A}
	EndGlobalSection
EndGlobal
